// !$*UTF8*$!
{
	archiveVersion = 1;
	classes = {
	};
	objectVersion = 50;
	objects = {

/* Begin PBXBuildFile section */
		425E844024AAE7600055DCDC /* Constants.swift in Sources */ = {isa = PBXBuildFile; fileRef = 425E843F24AAE7600055DCDC /* Constants.swift */; };
		425E844224AAEBA70055DCDC /* Video.swift in Sources */ = {isa = PBXBuildFile; fileRef = 425E844124AAEBA70055DCDC /* Video.swift */; };
		425E844424AAEC390055DCDC /* Model.swift in Sources */ = {isa = PBXBuildFile; fileRef = 425E844324AAEC390055DCDC /* Model.swift */; };
		425E844624ABD5620055DCDC /* Response.swift in Sources */ = {isa = PBXBuildFile; fileRef = 425E844524ABD5620055DCDC /* Response.swift */; };
		4260C30624AC171300BC1AB9 /* ConstantsTemplate.swift in Sources */ = {isa = PBXBuildFile; fileRef = 4260C30524AC171300BC1AB9 /* ConstantsTemplate.swift */; };
		4260C30824AC2B8400BC1AB9 /* VideoTableViewCell.swift in Sources */ = {isa = PBXBuildFile; fileRef = 4260C30724AC2B8400BC1AB9 /* VideoTableViewCell.swift */; };
		4260C30F24AD51FE00BC1AB9 /* CacheManager.swift in Sources */ = {isa = PBXBuildFile; fileRef = 4260C30E24AD51FE00BC1AB9 /* CacheManager.swift */; };
		4260C31124AD567C00BC1AB9 /* DetailViewController.swift in Sources */ = {isa = PBXBuildFile; fileRef = 4260C31024AD567C00BC1AB9 /* DetailViewController.swift */; };
		4260C31424AD65E100BC1AB9 /* WebKit.framework in Frameworks */ = {isa = PBXBuildFile; fileRef = 4260C31324AD65E100BC1AB9 /* WebKit.framework */; };
		4263926224A6EB17005BC46B /* AppDelegate.swift in Sources */ = {isa = PBXBuildFile; fileRef = 4263926124A6EB17005BC46B /* AppDelegate.swift */; };
		4263926424A6EB17005BC46B /* ViewController.swift in Sources */ = {isa = PBXBuildFile; fileRef = 4263926324A6EB17005BC46B /* ViewController.swift */; };
		4263926724A6EB17005BC46B /* Main.storyboard in Resources */ = {isa = PBXBuildFile; fileRef = 4263926524A6EB17005BC46B /* Main.storyboard */; };
		4263926924A6EB18005BC46B /* Assets.xcassets in Resources */ = {isa = PBXBuildFile; fileRef = 4263926824A6EB18005BC46B /* Assets.xcassets */; };
		4263926C24A6EB18005BC46B /* LaunchScreen.storyboard in Resources */ = {isa = PBXBuildFile; fileRef = 4263926A24A6EB18005BC46B /* LaunchScreen.storyboard */; };
/* End PBXBuildFile section */

/* Begin PBXFileReference section */
		425E843F24AAE7600055DCDC /* Constants.swift */ = {isa = PBXFileReference; lastKnownFileType = sourcecode.swift; path = Constants.swift; sourceTree = "<group>"; };
		425E844124AAEBA70055DCDC /* Video.swift */ = {isa = PBXFileReference; lastKnownFileType = sourcecode.swift; path = Video.swift; sourceTree = "<group>"; };
		425E844324AAEC390055DCDC /* Model.swift */ = {isa = PBXFileReference; lastKnownFileType = sourcecode.swift; path = Model.swift; sourceTree = "<group>"; };
		425E844524ABD5620055DCDC /* Response.swift */ = {isa = PBXFileReference; lastKnownFileType = sourcecode.swift; path = Response.swift; sourceTree = "<group>"; };
		4260C30524AC171300BC1AB9 /* ConstantsTemplate.swift */ = {isa = PBXFileReference; lastKnownFileType = sourcecode.swift; path = ConstantsTemplate.swift; sourceTree = "<group>"; };
		4260C30724AC2B8400BC1AB9 /* VideoTableViewCell.swift */ = {isa = PBXFileReference; lastKnownFileType = sourcecode.swift; path = VideoTableViewCell.swift; sourceTree = "<group>"; };
		4260C30E24AD51FE00BC1AB9 /* CacheManager.swift */ = {isa = PBXFileReference; lastKnownFileType = sourcecode.swift; path = CacheManager.swift; sourceTree = "<group>"; };
		4260C31024AD567C00BC1AB9 /* DetailViewController.swift */ = {isa = PBXFileReference; lastKnownFileType = sourcecode.swift; path = DetailViewController.swift; sourceTree = "<group>"; };
		4260C31324AD65E100BC1AB9 /* WebKit.framework */ = {isa = PBXFileReference; lastKnownFileType = wrapper.framework; name = WebKit.framework; path = System/Library/Frameworks/WebKit.framework; sourceTree = SDKROOT; };
		4263925E24A6EB17005BC46B /* YouTubeApp.app */ = {isa = PBXFileReference; explicitFileType = wrapper.application; includeInIndex = 0; path = YouTubeApp.app; sourceTree = BUILT_PRODUCTS_DIR; };
		4263926124A6EB17005BC46B /* AppDelegate.swift */ = {isa = PBXFileReference; lastKnownFileType = sourcecode.swift; path = AppDelegate.swift; sourceTree = "<group>"; };
		4263926324A6EB17005BC46B /* ViewController.swift */ = {isa = PBXFileReference; lastKnownFileType = sourcecode.swift; path = ViewController.swift; sourceTree = "<group>"; };
		4263926624A6EB17005BC46B /* Base */ = {isa = PBXFileReference; lastKnownFileType = file.storyboard; name = Base; path = Base.lproj/Main.storyboard; sourceTree = "<group>"; };
		4263926824A6EB18005BC46B /* Assets.xcassets */ = {isa = PBXFileReference; lastKnownFileType = folder.assetcatalog; path = Assets.xcassets; sourceTree = "<group>"; };
		4263926B24A6EB18005BC46B /* Base */ = {isa = PBXFileReference; lastKnownFileType = file.storyboard; name = Base; path = Base.lproj/LaunchScreen.storyboard; sourceTree = "<group>"; };
		4263926D24A6EB18005BC46B /* Info.plist */ = {isa = PBXFileReference; lastKnownFileType = text.plist.xml; path = Info.plist; sourceTree = "<group>"; };
/* End PBXFileReference section */

/* Begin PBXFrameworksBuildPhase section */
		4263925B24A6EB17005BC46B /* Frameworks */ = {
			isa = PBXFrameworksBuildPhase;
			buildActionMask = 2147483647;
			files = (
				4260C31424AD65E100BC1AB9 /* WebKit.framework in Frameworks */,
			);
			runOnlyForDeploymentPostprocessing = 0;
		};
/* End PBXFrameworksBuildPhase section */

/* Begin PBXGroup section */
		4260C30924AC2BA200BC1AB9 /* View Controllers */ = {
			isa = PBXGroup;
			children = (
				4263926324A6EB17005BC46B /* ViewController.swift */,
				4260C31024AD567C00BC1AB9 /* DetailViewController.swift */,
			);
			path = "View Controllers";
			sourceTree = "<group>";
		};
		4260C30A24AC2BB000BC1AB9 /* Views */ = {
			isa = PBXGroup;
			children = (
				4260C30724AC2B8400BC1AB9 /* VideoTableViewCell.swift */,
			);
			path = Views;
			sourceTree = "<group>";
		};
		4260C30B24AC2BB700BC1AB9 /* Models */ = {
			isa = PBXGroup;
			children = (
				425E844124AAEBA70055DCDC /* Video.swift */,
				425E844324AAEC390055DCDC /* Model.swift */,
				425E844524ABD5620055DCDC /* Response.swift */,
			);
			path = Models;
			sourceTree = "<group>";
		};
		4260C30C24AC2BC000BC1AB9 /* StoryBoards */ = {
			isa = PBXGroup;
			children = (
				4263926524A6EB17005BC46B /* Main.storyboard */,
				4263926A24A6EB18005BC46B /* LaunchScreen.storyboard */,
			);
			path = StoryBoards;
			sourceTree = "<group>";
		};
		4260C30D24AC2BD000BC1AB9 /* Helpers */ = {
			isa = PBXGroup;
			children = (
				425E843F24AAE7600055DCDC /* Constants.swift */,
				4260C30524AC171300BC1AB9 /* ConstantsTemplate.swift */,
				4260C30E24AD51FE00BC1AB9 /* CacheManager.swift */,
			);
			path = Helpers;
			sourceTree = "<group>";
		};
		4260C31224AD65E000BC1AB9 /* Frameworks */ = {
			isa = PBXGroup;
			children = (
				4260C31324AD65E100BC1AB9 /* WebKit.framework */,
			);
			name = Frameworks;
			sourceTree = "<group>";
		};
		4263925524A6EB17005BC46B = {
			isa = PBXGroup;
			children = (
				4263926024A6EB17005BC46B /* YouTubeApp */,
				4263925F24A6EB17005BC46B /* Products */,
				4260C31224AD65E000BC1AB9 /* Frameworks */,
			);
			sourceTree = "<group>";
		};
		4263925F24A6EB17005BC46B /* Products */ = {
			isa = PBXGroup;
			children = (
				4263925E24A6EB17005BC46B /* YouTubeApp.app */,
			);
			name = Products;
			sourceTree = "<group>";
		};
		4263926024A6EB17005BC46B /* YouTubeApp */ = {
			isa = PBXGroup;
			children = (
				4263926124A6EB17005BC46B /* AppDelegate.swift */,
				4260C30D24AC2BD000BC1AB9 /* Helpers */,
				4260C30C24AC2BC000BC1AB9 /* StoryBoards */,
				4260C30B24AC2BB700BC1AB9 /* Models */,
				4260C30A24AC2BB000BC1AB9 /* Views */,
				4260C30924AC2BA200BC1AB9 /* View Controllers */,
				4263926824A6EB18005BC46B /* Assets.xcassets */,
				4263926D24A6EB18005BC46B /* Info.plist */,
			);
			path = YouTubeApp;
			sourceTree = "<group>";
		};
/* End PBXGroup section */

/* Begin PBXNativeTarget section */
		4263925D24A6EB17005BC46B /* YouTubeApp */ = {
			isa = PBXNativeTarget;
			buildConfigurationList = 4263927024A6EB18005BC46B /* Build configuration list for PBXNativeTarget "YouTubeApp" */;
			buildPhases = (
				4263925A24A6EB17005BC46B /* Sources */,
				4263925B24A6EB17005BC46B /* Frameworks */,
				4263925C24A6EB17005BC46B /* Resources */,
			);
			buildRules = (
			);
			dependencies = (
			);
			name = YouTubeApp;
			productName = YouTubeApp;
			productReference = 4263925E24A6EB17005BC46B /* YouTubeApp.app */;
			productType = "com.apple.product-type.application";
		};
/* End PBXNativeTarget section */

/* Begin PBXProject section */
		4263925624A6EB17005BC46B /* Project object */ = {
			isa = PBXProject;
			attributes = {
				LastSwiftUpdateCheck = 0940;
				LastUpgradeCheck = 0940;
				ORGANIZATIONNAME = steelandmagnum;
				TargetAttributes = {
					4263925D24A6EB17005BC46B = {
						CreatedOnToolsVersion = 9.4.1;
					};
				};
			};
			buildConfigurationList = 4263925924A6EB17005BC46B /* Build configuration list for PBXProject "YouTubeApp" */;
			compatibilityVersion = "Xcode 9.3";
			developmentRegion = en;
			hasScannedForEncodings = 0;
			knownRegions = (
				en,
				Base,
			);
			mainGroup = 4263925524A6EB17005BC46B;
			productRefGroup = 4263925F24A6EB17005BC46B /* Products */;
			projectDirPath = "";
			projectRoot = "";
			targets = (
				4263925D24A6EB17005BC46B /* YouTubeApp */,
			);
		};
/* End PBXProject section */

/* Begin PBXResourcesBuildPhase section */
		4263925C24A6EB17005BC46B /* Resources */ = {
			isa = PBXResourcesBuildPhase;
			buildActionMask = 2147483647;
			files = (
				4263926C24A6EB18005BC46B /* LaunchScreen.storyboard in Resources */,
				4263926924A6EB18005BC46B /* Assets.xcassets in Resources */,
				4263926724A6EB17005BC46B /* Main.storyboard in Resources */,
			);
			runOnlyForDeploymentPostprocessing = 0;
		};
/* End PBXResourcesBuildPhase section */

/* Begin PBXSourcesBuildPhase section */
		4263925A24A6EB17005BC46B /* Sources */ = {
			isa = PBXSourcesBuildPhase;
			buildActionMask = 2147483647;
			files = (
				4260C30624AC171300BC1AB9 /* ConstantsTemplate.swift in Sources */,
				4260C30F24AD51FE00BC1AB9 /* CacheManager.swift in Sources */,
				425E844424AAEC390055DCDC /* Model.swift in Sources */,
				4263926424A6EB17005BC46B /* ViewController.swift in Sources */,
				425E844224AAEBA70055DCDC /* Video.swift in Sources */,
				4263926224A6EB17005BC46B /* AppDelegate.swift in Sources */,
				4260C30824AC2B8400BC1AB9 /* VideoTableViewCell.swift in Sources */,
				4260C31124AD567C00BC1AB9 /* DetailViewController.swift in Sources */,
				425E844624ABD5620055DCDC /* Response.swift in Sources */,
				425E844024AAE7600055DCDC /* Constants.swift in Sources */,
			);
			runOnlyForDeploymentPostprocessing = 0;
		};
/* End PBXSourcesBuildPhase section */

/* Begin PBXVariantGroup section */
		4263926524A6EB17005BC46B /* Main.storyboard */ = {
			isa = PBXVariantGroup;
			children = (
				4263926624A6EB17005BC46B /* Base */,
			);
			name = Main.storyboard;
			sourceTree = "<group>";
		};
		4263926A24A6EB18005BC46B /* LaunchScreen.storyboard */ = {
			isa = PBXVariantGroup;
			children = (
				4263926B24A6EB18005BC46B /* Base */,
			);
			name = LaunchScreen.storyboard;
			sourceTree = "<group>";
		};
/* End PBXVariantGroup section */

/* Begin XCBuildConfiguration section */
		4263926E24A6EB18005BC46B /* Debug */ = {
			isa = XCBuildConfiguration;
			buildSettings = {
				ALWAYS_SEARCH_USER_PATHS = NO;
				CLANG_ANALYZER_NONNULL = YES;
				CLANG_ANALYZER_NUMBER_OBJECT_CONVERSION = YES_AGGRESSIVE;
				CLANG_CXX_LANGUAGE_STANDARD = "gnu++14";
				CLANG_CXX_LIBRARY = "libc++";
				CLANG_ENABLE_MODULES = YES;
				CLANG_ENABLE_OBJC_ARC = YES;
				CLANG_ENABLE_OBJC_WEAK = YES;
				CLANG_WARN_BLOCK_CAPTURE_AUTORELEASING = YES;
				CLANG_WARN_BOOL_CONVERSION = YES;
				CLANG_WARN_COMMA = YES;
				CLANG_WARN_CONSTANT_CONVERSION = YES;
				CLANG_WARN_DEPRECATED_OBJC_IMPLEMENTATIONS = YES;
				CLANG_WARN_DIRECT_OBJC_ISA_USAGE = YES_ERROR;
				CLANG_WARN_DOCUMENTATION_COMMENTS = YES;
				CLANG_WARN_EMPTY_BODY = YES;
				CLANG_WARN_ENUM_CONVERSION = YES;
				CLANG_WARN_INFINITE_RECURSION = YES;
				CLANG_WARN_INT_CONVERSION = YES;
				CLANG_WARN_NON_LITERAL_NULL_CONVERSION = YES;
				CLANG_WARN_OBJC_IMPLICIT_RETAIN_SELF = YES;
				CLANG_WARN_OBJC_LITERAL_CONVERSION = YES;
				CLANG_WARN_OBJC_ROOT_CLASS = YES_ERROR;
				CLANG_WARN_RANGE_LOOP_ANALYSIS = YES;
				CLANG_WARN_STRICT_PROTOTYPES = YES;
				CLANG_WARN_SUSPICIOUS_MOVE = YES;
				CLANG_WARN_UNGUARDED_AVAILABILITY = YES_AGGRESSIVE;
				CLANG_WARN_UNREACHABLE_CODE = YES;
				CLANG_WARN__DUPLICATE_METHOD_MATCH = YES;
				CODE_SIGN_IDENTITY = "iPhone Developer";
				COPY_PHASE_STRIP = NO;
				DEBUG_INFORMATION_FORMAT = dwarf;
				ENABLE_STRICT_OBJC_MSGSEND = YES;
				ENABLE_TESTABILITY = YES;
				GCC_C_LANGUAGE_STANDARD = gnu11;
				GCC_DYNAMIC_NO_PIC = NO;
				GCC_NO_COMMON_BLOCKS = YES;
				GCC_OPTIMIZATION_LEVEL = 0;
				GCC_PREPROCESSOR_DEFINITIONS = (
					"DEBUG=1",
					"$(inherited)",
				);
				GCC_WARN_64_TO_32_BIT_CONVERSION = YES;
				GCC_WARN_ABOUT_RETURN_TYPE = YES_ERROR;
				GCC_WARN_UNDECLARED_SELECTOR = YES;
				GCC_WARN_UNINITIALIZED_AUTOS = YES_AGGRESSIVE;
				GCC_WARN_UNUSED_FUNCTION = YES;
				GCC_WARN_UNUSED_VARIABLE = YES;
				IPHONEOS_DEPLOYMENT_TARGET = 11.4;
				MTL_ENABLE_DEBUG_INFO = YES;
				ONLY_ACTIVE_ARCH = YES;
				SDKROOT = iphoneos;
				SWIFT_ACTIVE_COMPILATION_CONDITIONS = DEBUG;
				SWIFT_OPTIMIZATION_LEVEL = "-Onone";
			};
			name = Debug;
		};
		4263926F24A6EB18005BC46B /* Release */ = {
			isa = XCBuildConfiguration;
			buildSettings = {
				ALWAYS_SEARCH_USER_PATHS = NO;
				CLANG_ANALYZER_NONNULL = YES;
				CLANG_ANALYZER_NUMBER_OBJECT_CONVERSION = YES_AGGRESSIVE;
				CLANG_CXX_LANGUAGE_STANDARD = "gnu++14";
				CLANG_CXX_LIBRARY = "libc++";
				CLANG_ENABLE_MODULES = YES;
				CLANG_ENABLE_OBJC_ARC = YES;
				CLANG_ENABLE_OBJC_WEAK = YES;
				CLANG_WARN_BLOCK_CAPTURE_AUTORELEASING = YES;
				CLANG_WARN_BOOL_CONVERSION = YES;
				CLANG_WARN_COMMA = YES;
				CLANG_WARN_CONSTANT_CONVERSION = YES;
				CLANG_WARN_DEPRECATED_OBJC_IMPLEMENTATIONS = YES;
				CLANG_WARN_DIRECT_OBJC_ISA_USAGE = YES_ERROR;
				CLANG_WARN_DOCUMENTATION_COMMENTS = YES;
				CLANG_WARN_EMPTY_BODY = YES;
				CLANG_WARN_ENUM_CONVERSION = YES;
				CLANG_WARN_INFINITE_RECURSION = YES;
				CLANG_WARN_INT_CONVERSION = YES;
				CLANG_WARN_NON_LITERAL_NULL_CONVERSION = YES;
				CLANG_WARN_OBJC_IMPLICIT_RETAIN_SELF = YES;
				CLANG_WARN_OBJC_LITERAL_CONVERSION = YES;
				CLANG_WARN_OBJC_ROOT_CLASS = YES_ERROR;
				CLANG_WARN_RANGE_LOOP_ANALYSIS = YES;
				CLANG_WARN_STRICT_PROTOTYPES = YES;
				CLANG_WARN_SUSPICIOUS_MOVE = YES;
				CLANG_WARN_UNGUARDED_AVAILABILITY = YES_AGGRESSIVE;
				CLANG_WARN_UNREACHABLE_CODE = YES;
				CLANG_WARN__DUPLICATE_METHOD_MATCH = YES;
				CODE_SIGN_IDENTITY = "iPhone Developer";
				COPY_PHASE_STRIP = NO;
				DEBUG_INFORMATION_FORMAT = "dwarf-with-dsym";
				ENABLE_NS_ASSERTIONS = NO;
				ENABLE_STRICT_OBJC_MSGSEND = YES;
				GCC_C_LANGUAGE_STANDARD = gnu11;
				GCC_NO_COMMON_BLOCKS = YES;
				GCC_WARN_64_TO_32_BIT_CONVERSION = YES;
				GCC_WARN_ABOUT_RETURN_TYPE = YES_ERROR;
				GCC_WARN_UNDECLARED_SELECTOR = YES;
				GCC_WARN_UNINITIALIZED_AUTOS = YES_AGGRESSIVE;
				GCC_WARN_UNUSED_FUNCTION = YES;
				GCC_WARN_UNUSED_VARIABLE = YES;
				IPHONEOS_DEPLOYMENT_TARGET = 11.4;
				MTL_ENABLE_DEBUG_INFO = NO;
				SDKROOT = iphoneos;
				SWIFT_COMPILATION_MODE = wholemodule;
				SWIFT_OPTIMIZATION_LEVEL = "-O";
				VALIDATE_PRODUCT = YES;
			};
			name = Release;
		};
		4263927124A6EB18005BC46B /* Debug */ = {
			isa = XCBuildConfiguration;
			buildSettings = {
				ASSETCATALOG_COMPILER_APPICON_NAME = AppIcon;
				CODE_SIGN_IDENTITY = "iPhone Developer";
				CODE_SIGN_STYLE = Automatic;
				DEVELOPMENT_TEAM = GV66DT6VUX;
				INFOPLIST_FILE = YouTubeApp/Info.plist;
				LD_RUNPATH_SEARCH_PATHS = (
					"$(inherited)",
					"@executable_path/Frameworks",
				);
				PRODUCT_BUNDLE_IDENTIFIER = steelandmagnum.YouTubeApp;
				PRODUCT_NAME = "$(TARGET_NAME)";
				PROVISIONING_PROFILE_SPECIFIER = "";
				SWIFT_VERSION = 4.0;
				TARGETED_DEVICE_FAMILY = "1,2";
			};
			name = Debug;
		};
		4263927224A6EB18005BC46B /* Release */ = {
			isa = XCBuildConfiguration;
			buildSettings = {
				ASSETCATALOG_COMPILER_APPICON_NAME = AppIcon;
				CODE_SIGN_IDENTITY = "iPhone Developer";
				CODE_SIGN_STYLE = Automatic;
				DEVELOPMENT_TEAM = GV66DT6VUX;
				INFOPLIST_FILE = YouTubeApp/Info.plist;
				LD_RUNPATH_SEARCH_PATHS = (
					"$(inherited)",
					"@executable_path/Frameworks",
				);
				PRODUCT_BUNDLE_IDENTIFIER = steelandmagnum.YouTubeApp;
				PRODUCT_NAME = "$(TARGET_NAME)";
				PROVISIONING_PROFILE_SPECIFIER = "";
				SWIFT_VERSION = 4.0;
				TARGETED_DEVICE_FAMILY = "1,2";
			};
			name = Release;
		};
/* End XCBuildConfiguration section */

/* Begin XCConfigurationList section */
		4263925924A6EB17005BC46B /* Build configuration list for PBXProject "YouTubeApp" */ = {
			isa = XCConfigurationList;
			buildConfigurations = (
				4263926E24A6EB18005BC46B /* Debug */,
				4263926F24A6EB18005BC46B /* Release */,
			);
			defaultConfigurationIsVisible = 0;
			defaultConfigurationName = Release;
		};
		4263927024A6EB18005BC46B /* Build configuration list for PBXNativeTarget "YouTubeApp" */ = {
			isa = XCConfigurationList;
			buildConfigurations = (
				4263927124A6EB18005BC46B /* Debug */,
				4263927224A6EB18005BC46B /* Release */,
			);
			defaultConfigurationIsVisible = 0;
			defaultConfigurationName = Release;
		};
/* End XCConfigurationList section */
	};
	rootObject = 4263925624A6EB17005BC46B /* Project object */;
}
